
Microsoft Visual Studio Solution File, Format Version 12.00
# Visual Studio Version 17
VisualStudioVersion = 17.5.33530.505
MinimumVisualStudioVersion = 10.0.40219.1
Project("{FAE04EC0-301F-11D3-BF4B-00C04F79EFBC}") = "WebApp", "WebApp\WebApp.csproj", "{B89790F6-5B7D-4009-8621-78E35AB016BB}"
EndProject
Global
	GlobalSection(SolutionConfigurationPlatforms) = preSolution
		Debug|Any CPU = Debug|Any CPU
		Release|Any CPU = Release|Any CPU
	EndGlobalSection
	GlobalSection(ProjectConfigurationPlatforms) = postSolution
		{B89790F6-5B7D-4009-8621-78E35AB016BB}.Debug|Any CPU.ActiveCfg = Debug|Any CPU
		{B89790F6-5B7D-4009-8621-78E35AB016BB}.Debug|Any CPU.Build.0 = Debug|Any CPU
		{B89790F6-5B7D-4009-8621-78E35AB016BB}.Release|Any CPU.ActiveCfg = Release|Any CPU
		{B89790F6-5B7D-4009-8621-78E35AB016BB}.Release|Any CPU.Build.0 = Release|Any CPU
	EndGlobalSection
	GlobalSection(SolutionProperties) = preSolution
		HideSolutionNode = FALSE
	EndGlobalSection
	GlobalSection(ExtensibilityGlobals) = postSolution
		SolutionGuid = {4AA8DCDD-8CAE-4F97-8DCE-50881885BD0F}
	EndGlobalSection
EndGlobal
